
Microsoft Visual Studio Solution File, Format Version 12.00
# Visual Studio Version 17
VisualStudioVersion = 17.4.33213.308
MinimumVisualStudioVersion = 10.0.40219.1
Project("{FAE04EC0-301F-11D3-BF4B-00C04F79EFBC}") = "MVCCrud", "Test\MVCCrud.csproj", "{EF461730-7FBD-4A64-965D-21D24C3C3DF5}"
EndProject
Global
	GlobalSection(SolutionConfigurationPlatforms) = preSolution
		Debug|Any CPU = Debug|Any CPU
		Release|Any CPU = Release|Any CPU
	EndGlobalSection
	GlobalSection(ProjectConfigurationPlatforms) = postSolution
		{EF461730-7FBD-4A64-965D-21D24C3C3DF5}.Debug|Any CPU.ActiveCfg = Debug|Any CPU
		{EF461730-7FBD-4A64-965D-21D24C3C3DF5}.Debug|Any CPU.Build.0 = Debug|Any CPU
		{EF461730-7FBD-4A64-965D-21D24C3C3DF5}.Release|Any CPU.ActiveCfg = Release|Any CPU
		{EF461730-7FBD-4A64-965D-21D24C3C3DF5}.Release|Any CPU.Build.0 = Release|Any CPU
	EndGlobalSection
	GlobalSection(SolutionProperties) = preSolution
		HideSolutionNode = FALSE
	EndGlobalSection
	GlobalSection(ExtensibilityGlobals) = postSolution
		SolutionGuid = {01BE37EE-CFE7-41AF-8439-52089A3710C9}
	EndGlobalSection
EndGlobal
